
Microsoft Visual Studio Solution File, Format Version 12.00
# Visual Studio Version 17
VisualStudioVersion = 17.9.34728.123
MinimumVisualStudioVersion = 10.0.40219.1
Project("{FAE04EC0-301F-11D3-BF4B-00C04F79EFBC}") = "Minecraft Server Status", "Minecraft Server Status\Minecraft Server Status.csproj", "{913589AC-AD14-4950-8297-947C311D019D}"
EndProject
Global
	GlobalSection(SolutionConfigurationPlatforms) = preSolution
		Debug|Any CPU = Debug|Any CPU
		Release|Any CPU = Release|Any CPU
	EndGlobalSection
	GlobalSection(ProjectConfigurationPlatforms) = postSolution
		{913589AC-AD14-4950-8297-947C311D019D}.Debug|Any CPU.ActiveCfg = Debug|Any CPU
		{913589AC-AD14-4950-8297-947C311D019D}.Debug|Any CPU.Build.0 = Debug|Any CPU
		{913589AC-AD14-4950-8297-947C311D019D}.Release|Any CPU.ActiveCfg = Release|Any CPU
		{913589AC-AD14-4950-8297-947C311D019D}.Release|Any CPU.Build.0 = Release|Any CPU
	EndGlobalSection
	GlobalSection(SolutionProperties) = preSolution
		HideSolutionNode = FALSE
	EndGlobalSection
	GlobalSection(ExtensibilityGlobals) = postSolution
		SolutionGuid = {EF55FFD3-9F60-4F70-8588-4CB1F5796BB8}
	EndGlobalSection
EndGlobal
